
Microsoft Visual Studio Solution File, Format Version 12.00
# Visual Studio Version 17
VisualStudioVersion = 17.0.31903.59
MinimumVisualStudioVersion = 10.0.40219.1
Project("{2150E333-8FDC-42A3-9474-1A3956D46DE8}") = "src", "src", "{827E0CD3-B72D-47B6-A68D-7590B98EB39B}"
EndProject
Project("{FAE04EC0-301F-11D3-BF4B-00C04F79EFBC}") = "SchoolMS.Domain", "src\SchoolMS.Domain\SchoolMS.Domain.csproj", "{AE778BE1-84AC-4A88-B951-FED3E05AC196}"
EndProject
Project("{FAE04EC0-301F-11D3-BF4B-00C04F79EFBC}") = "SchoolMS.Application", "src\SchoolMS.Application\SchoolMS.Application.csproj", "{062828D7-74E4-4FED-B909-21086DBA84BE}"
EndProject
Project("{FAE04EC0-301F-11D3-BF4B-00C04F79EFBC}") = "SchoolMS.Infrastructure", "src\SchoolMS.Infrastructure\SchoolMS.Infrastructure.csproj", "{E33CB201-BC96-438E-AF15-14E3256C1B72}"
EndProject
Project("{FAE04EC0-301F-11D3-BF4B-00C04F79EFBC}") = "SchoolMS.Web", "src\SchoolMS.Web\SchoolMS.Web.csproj", "{59BDBA35-914C-496F-9C0A-FF7E4400BB9F}"
EndProject
Project("{FAE04EC0-301F-11D3-BF4B-00C04F79EFBC}") = "SchoolMS.API", "src\SchoolMS.API\SchoolMS.API.csproj", "{0332D506-8703-4F19-9598-EB86A247D9F7}"
EndProject
Project("{2150E333-8FDC-42A3-9474-1A3956D46DE8}") = "tests", "tests", "{0AB3BF05-4346-4AA6-1389-037BE0695223}"
EndProject
Project("{FAE04EC0-301F-11D3-BF4B-00C04F79EFBC}") = "SchoolMS.Domain.Tests", "tests\SchoolMS.Domain.Tests\SchoolMS.Domain.Tests.csproj", "{BC391921-0B6E-4182-BBA9-62E7CC73A101}"
EndProject
Project("{FAE04EC0-301F-11D3-BF4B-00C04F79EFBC}") = "SchoolMS.Application.Tests", "tests\SchoolMS.Application.Tests\SchoolMS.Application.Tests.csproj", "{06ADF827-16B6-4CD1-80C9-2D72F1F98897}"
EndProject
Project("{FAE04EC0-301F-11D3-BF4B-00C04F79EFBC}") = "SchoolMS.API.Tests", "tests\SchoolMS.API.Tests\SchoolMS.API.Tests.csproj", "{70C38D87-1DDE-4420-9364-291B78F5A581}"
EndProject
Project("{FAE04EC0-301F-11D3-BF4B-00C04F79EFBC}") = "SchoolMS.Website", "src\SchoolMS.Website\SchoolMS.Website.csproj", "{3BC116C1-401D-4CAA-8F1F-835ED0B960EE}"
EndProject
Global
	GlobalSection(SolutionConfigurationPlatforms) = preSolution
		Debug|Any CPU = Debug|Any CPU
		Debug|x64 = Debug|x64
		Debug|x86 = Debug|x86
		Release|Any CPU = Release|Any CPU
		Release|x64 = Release|x64
		Release|x86 = Release|x86
	EndGlobalSection
	GlobalSection(ProjectConfigurationPlatforms) = postSolution
		{AE778BE1-84AC-4A88-B951-FED3E05AC196}.Debug|Any CPU.ActiveCfg = Debug|Any CPU
		{AE778BE1-84AC-4A88-B951-FED3E05AC196}.Debug|Any CPU.Build.0 = Debug|Any CPU
		{AE778BE1-84AC-4A88-B951-FED3E05AC196}.Debug|x64.ActiveCfg = Debug|Any CPU
		{AE778BE1-84AC-4A88-B951-FED3E05AC196}.Debug|x64.Build.0 = Debug|Any CPU
		{AE778BE1-84AC-4A88-B951-FED3E05AC196}.Debug|x86.ActiveCfg = Debug|Any CPU
		{AE778BE1-84AC-4A88-B951-FED3E05AC196}.Debug|x86.Build.0 = Debug|Any CPU
		{AE778BE1-84AC-4A88-B951-FED3E05AC196}.Release|Any CPU.ActiveCfg = Release|Any CPU
		{AE778BE1-84AC-4A88-B951-FED3E05AC196}.Release|Any CPU.Build.0 = Release|Any CPU
		{AE778BE1-84AC-4A88-B951-FED3E05AC196}.Release|x64.ActiveCfg = Release|Any CPU
		{AE778BE1-84AC-4A88-B951-FED3E05AC196}.Release|x64.Build.0 = Release|Any CPU
		{AE778BE1-84AC-4A88-B951-FED3E05AC196}.Release|x86.ActiveCfg = Release|Any CPU
		{AE778BE1-84AC-4A88-B951-FED3E05AC196}.Release|x86.Build.0 = Release|Any CPU
		{062828D7-74E4-4FED-B909-21086DBA84BE}.Debug|Any CPU.ActiveCfg = Debug|Any CPU
		{062828D7-74E4-4FED-B909-21086DBA84BE}.Debug|Any CPU.Build.0 = Debug|Any CPU
		{062828D7-74E4-4FED-B909-21086DBA84BE}.Debug|x64.ActiveCfg = Debug|Any CPU
		{062828D7-74E4-4FED-B909-21086DBA84BE}.Debug|x64.Build.0 = Debug|Any CPU
		{062828D7-74E4-4FED-B909-21086DBA84BE}.Debug|x86.ActiveCfg = Debug|Any CPU
		{062828D7-74E4-4FED-B909-21086DBA84BE}.Debug|x86.Build.0 = Debug|Any CPU
		{062828D7-74E4-4FED-B909-21086DBA84BE}.Release|Any CPU.ActiveCfg = Release|Any CPU
		{062828D7-74E4-4FED-B909-21086DBA84BE}.Release|Any CPU.Build.0 = Release|Any CPU
		{062828D7-74E4-4FED-B909-21086DBA84BE}.Release|x64.ActiveCfg = Release|Any CPU
		{062828D7-74E4-4FED-B909-21086DBA84BE}.Release|x64.Build.0 = Release|Any CPU
		{062828D7-74E4-4FED-B909-21086DBA84BE}.Release|x86.ActiveCfg = Release|Any CPU
		{062828D7-74E4-4FED-B909-21086DBA84BE}.Release|x86.Build.0 = Release|Any CPU
		{E33CB201-BC96-438E-AF15-14E3256C1B72}.Debug|Any CPU.ActiveCfg = Debug|Any CPU
		{E33CB201-BC96-438E-AF15-14E3256C1B72}.Debug|Any CPU.Build.0 = Debug|Any CPU
		{E33CB201-BC96-438E-AF15-14E3256C1B72}.Debug|x64.ActiveCfg = Debug|Any CPU
		{E33CB201-BC96-438E-AF15-14E3256C1B72}.Debug|x64.Build.0 = Debug|Any CPU
		{E33CB201-BC96-438E-AF15-14E3256C1B72}.Debug|x86.ActiveCfg = Debug|Any CPU
		{E33CB201-BC96-438E-AF15-14E3256C1B72}.Debug|x86.Build.0 = Debug|Any CPU
		{E33CB201-BC96-438E-AF15-14E3256C1B72}.Release|Any CPU.ActiveCfg = Release|Any CPU
		{E33CB201-BC96-438E-AF15-14E3256C1B72}.Release|Any CPU.Build.0 = Release|Any CPU
		{E33CB201-BC96-438E-AF15-14E3256C1B72}.Release|x64.ActiveCfg = Release|Any CPU
		{E33CB201-BC96-438E-AF15-14E3256C1B72}.Release|x64.Build.0 = Release|Any CPU
		{E33CB201-BC96-438E-AF15-14E3256C1B72}.Release|x86.ActiveCfg = Release|Any CPU
		{E33CB201-BC96-438E-AF15-14E3256C1B72}.Release|x86.Build.0 = Release|Any CPU
		{59BDBA35-914C-496F-9C0A-FF7E4400BB9F}.Debug|Any CPU.ActiveCfg = Debug|Any CPU
		{59BDBA35-914C-496F-9C0A-FF7E4400BB9F}.Debug|Any CPU.Build.0 = Debug|Any CPU
		{59BDBA35-914C-496F-9C0A-FF7E4400BB9F}.Debug|x64.ActiveCfg = Debug|Any CPU
		{59BDBA35-914C-496F-9C0A-FF7E4400BB9F}.Debug|x64.Build.0 = Debug|Any CPU
		{59BDBA35-914C-496F-9C0A-FF7E4400BB9F}.Debug|x86.ActiveCfg = Debug|Any CPU
		{59BDBA35-914C-496F-9C0A-FF7E4400BB9F}.Debug|x86.Build.0 = Debug|Any CPU
		{59BDBA35-914C-496F-9C0A-FF7E4400BB9F}.Release|Any CPU.ActiveCfg = Release|Any CPU
		{59BDBA35-914C-496F-9C0A-FF7E4400BB9F}.Release|Any CPU.Build.0 = Release|Any CPU
		{59BDBA35-914C-496F-9C0A-FF7E4400BB9F}.Release|x64.ActiveCfg = Release|Any CPU
		{59BDBA35-914C-496F-9C0A-FF7E4400BB9F}.Release|x64.Build.0 = Release|Any CPU
		{59BDBA35-914C-496F-9C0A-FF7E4400BB9F}.Release|x86.ActiveCfg = Release|Any CPU
		{59BDBA35-914C-496F-9C0A-FF7E4400BB9F}.Release|x86.Build.0 = Release|Any CPU
		{0332D506-8703-4F19-9598-EB86A247D9F7}.Debug|Any CPU.ActiveCfg = Debug|Any CPU
		{0332D506-8703-4F19-9598-EB86A247D9F7}.Debug|Any CPU.Build.0 = Debug|Any CPU
		{0332D506-8703-4F19-9598-EB86A247D9F7}.Debug|x64.ActiveCfg = Debug|Any CPU
		{0332D506-8703-4F19-9598-EB86A247D9F7}.Debug|x64.Build.0 = Debug|Any CPU
		{0332D506-8703-4F19-9598-EB86A247D9F7}.Debug|x86.ActiveCfg = Debug|Any CPU
		{0332D506-8703-4F19-9598-EB86A247D9F7}.Debug|x86.Build.0 = Debug|Any CPU
		{0332D506-8703-4F19-9598-EB86A247D9F7}.Release|Any CPU.ActiveCfg = Release|Any CPU
		{0332D506-8703-4F19-9598-EB86A247D9F7}.Release|Any CPU.Build.0 = Release|Any CPU
		{0332D506-8703-4F19-9598-EB86A247D9F7}.Release|x64.ActiveCfg = Release|Any CPU
		{0332D506-8703-4F19-9598-EB86A247D9F7}.Release|x64.Build.0 = Release|Any CPU
		{0332D506-8703-4F19-9598-EB86A247D9F7}.Release|x86.ActiveCfg = Release|Any CPU
		{0332D506-8703-4F19-9598-EB86A247D9F7}.Release|x86.Build.0 = Release|Any CPU
		{BC391921-0B6E-4182-BBA9-62E7CC73A101}.Debug|Any CPU.ActiveCfg = Debug|Any CPU
		{BC391921-0B6E-4182-BBA9-62E7CC73A101}.Debug|Any CPU.Build.0 = Debug|Any CPU
		{BC391921-0B6E-4182-BBA9-62E7CC73A101}.Debug|x64.ActiveCfg = Debug|Any CPU
		{BC391921-0B6E-4182-BBA9-62E7CC73A101}.Debug|x64.Build.0 = Debug|Any CPU
		{BC391921-0B6E-4182-BBA9-62E7CC73A101}.Debug|x86.ActiveCfg = Debug|Any CPU
		{BC391921-0B6E-4182-BBA9-62E7CC73A101}.Debug|x86.Build.0 = Debug|Any CPU
		{BC391921-0B6E-4182-BBA9-62E7CC73A101}.Release|Any CPU.ActiveCfg = Release|Any CPU
		{BC391921-0B6E-4182-BBA9-62E7CC73A101}.Release|Any CPU.Build.0 = Release|Any CPU
		{BC391921-0B6E-4182-BBA9-62E7CC73A101}.Release|x64.ActiveCfg = Release|Any CPU
		{BC391921-0B6E-4182-BBA9-62E7CC73A101}.Release|x64.Build.0 = Release|Any CPU
		{BC391921-0B6E-4182-BBA9-62E7CC73A101}.Release|x86.ActiveCfg = Release|Any CPU
		{BC391921-0B6E-4182-BBA9-62E7CC73A101}.Release|x86.Build.0 = Release|Any CPU
		{06ADF827-16B6-4CD1-80C9-2D72F1F98897}.Debug|Any CPU.ActiveCfg = Debug|Any CPU
		{06ADF827-16B6-4CD1-80C9-2D72F1F98897}.Debug|Any CPU.Build.0 = Debug|Any CPU
		{06ADF827-16B6-4CD1-80C9-2D72F1F98897}.Debug|x64.ActiveCfg = Debug|Any CPU
		{06ADF827-16B6-4CD1-80C9-2D72F1F98897}.Debug|x64.Build.0 = Debug|Any CPU
		{06ADF827-16B6-4CD1-80C9-2D72F1F98897}.Debug|x86.ActiveCfg = Debug|Any CPU
		{06ADF827-16B6-4CD1-80C9-2D72F1F98897}.Debug|x86.Build.0 = Debug|Any CPU
		{06ADF827-16B6-4CD1-80C9-2D72F1F98897}.Release|Any CPU.ActiveCfg = Release|Any CPU
		{06ADF827-16B6-4CD1-80C9-2D72F1F98897}.Release|Any CPU.Build.0 = Release|Any CPU
		{06ADF827-16B6-4CD1-80C9-2D72F1F98897}.Release|x64.ActiveCfg = Release|Any CPU
		{06ADF827-16B6-4CD1-80C9-2D72F1F98897}.Release|x64.Build.0 = Release|Any CPU
		{06ADF827-16B6-4CD1-80C9-2D72F1F98897}.Release|x86.ActiveCfg = Release|Any CPU
		{06ADF827-16B6-4CD1-80C9-2D72F1F98897}.Release|x86.Build.0 = Release|Any CPU
		{70C38D87-1DDE-4420-9364-291B78F5A581}.Debug|Any CPU.ActiveCfg = Debug|Any CPU
		{70C38D87-1DDE-4420-9364-291B78F5A581}.Debug|Any CPU.Build.0 = Debug|Any CPU
		{70C38D87-1DDE-4420-9364-291B78F5A581}.Debug|x64.ActiveCfg = Debug|Any CPU
		{70C38D87-1DDE-4420-9364-291B78F5A581}.Debug|x64.Build.0 = Debug|Any CPU
		{70C38D87-1DDE-4420-9364-291B78F5A581}.Debug|x86.ActiveCfg = Debug|Any CPU
		{70C38D87-1DDE-4420-9364-291B78F5A581}.Debug|x86.Build.0 = Debug|Any CPU
		{70C38D87-1DDE-4420-9364-291B78F5A581}.Release|Any CPU.ActiveCfg = Release|Any CPU
		{70C38D87-1DDE-4420-9364-291B78F5A581}.Release|Any CPU.Build.0 = Release|Any CPU
		{70C38D87-1DDE-4420-9364-291B78F5A581}.Release|x64.ActiveCfg = Release|Any CPU
		{70C38D87-1DDE-4420-9364-291B78F5A581}.Release|x64.Build.0 = Release|Any CPU
		{70C38D87-1DDE-4420-9364-291B78F5A581}.Release|x86.ActiveCfg = Release|Any CPU
		{70C38D87-1DDE-4420-9364-291B78F5A581}.Release|x86.Build.0 = Release|Any CPU
		{3BC116C1-401D-4CAA-8F1F-835ED0B960EE}.Debug|Any CPU.ActiveCfg = Debug|Any CPU
		{3BC116C1-401D-4CAA-8F1F-835ED0B960EE}.Debug|Any CPU.Build.0 = Debug|Any CPU
		{3BC116C1-401D-4CAA-8F1F-835ED0B960EE}.Debug|x64.ActiveCfg = Debug|Any CPU
		{3BC116C1-401D-4CAA-8F1F-835ED0B960EE}.Debug|x64.Build.0 = Debug|Any CPU
		{3BC116C1-401D-4CAA-8F1F-835ED0B960EE}.Debug|x86.ActiveCfg = Debug|Any CPU
		{3BC116C1-401D-4CAA-8F1F-835ED0B960EE}.Debug|x86.Build.0 = Debug|Any CPU
		{3BC116C1-401D-4CAA-8F1F-835ED0B960EE}.Release|Any CPU.ActiveCfg = Release|Any CPU
		{3BC116C1-401D-4CAA-8F1F-835ED0B960EE}.Release|Any CPU.Build.0 = Release|Any CPU
		{3BC116C1-401D-4CAA-8F1F-835ED0B960EE}.Release|x64.ActiveCfg = Release|Any CPU
		{3BC116C1-401D-4CAA-8F1F-835ED0B960EE}.Release|x64.Build.0 = Release|Any CPU
		{3BC116C1-401D-4CAA-8F1F-835ED0B960EE}.Release|x86.ActiveCfg = Release|Any CPU
		{3BC116C1-401D-4CAA-8F1F-835ED0B960EE}.Release|x86.Build.0 = Release|Any CPU
	EndGlobalSection
	GlobalSection(SolutionProperties) = preSolution
		HideSolutionNode = FALSE
	EndGlobalSection
	GlobalSection(NestedProjects) = preSolution
		{AE778BE1-84AC-4A88-B951-FED3E05AC196} = {827E0CD3-B72D-47B6-A68D-7590B98EB39B}
		{062828D7-74E4-4FED-B909-21086DBA84BE} = {827E0CD3-B72D-47B6-A68D-7590B98EB39B}
		{E33CB201-BC96-438E-AF15-14E3256C1B72} = {827E0CD3-B72D-47B6-A68D-7590B98EB39B}
		{59BDBA35-914C-496F-9C0A-FF7E4400BB9F} = {827E0CD3-B72D-47B6-A68D-7590B98EB39B}
		{0332D506-8703-4F19-9598-EB86A247D9F7} = {827E0CD3-B72D-47B6-A68D-7590B98EB39B}
		{BC391921-0B6E-4182-BBA9-62E7CC73A101} = {0AB3BF05-4346-4AA6-1389-037BE0695223}
		{06ADF827-16B6-4CD1-80C9-2D72F1F98897} = {0AB3BF05-4346-4AA6-1389-037BE0695223}
		{70C38D87-1DDE-4420-9364-291B78F5A581} = {0AB3BF05-4346-4AA6-1389-037BE0695223}
		{3BC116C1-401D-4CAA-8F1F-835ED0B960EE} = {827E0CD3-B72D-47B6-A68D-7590B98EB39B}
	EndGlobalSection
EndGlobal
